
Microsoft Visual Studio Solution File, Format Version 12.00
# Visual Studio Version 16
VisualStudioVersion = 16.0.28714.193
MinimumVisualStudioVersion = 10.0.40219.1
Project("{FAE04EC0-301F-11D3-BF4B-00C04F79EFBC}") = "ProductsWebCore", "ProductsWebCore\ProductsWebCore.csproj", "{9452552B-3461-43A7-9EFE-06FDD602372B}"
EndProject
Global
	GlobalSection(SolutionConfigurationPlatforms) = preSolution
		Debug|Any CPU = Debug|Any CPU
		Release|Any CPU = Release|Any CPU
	EndGlobalSection
	GlobalSection(ProjectConfigurationPlatforms) = postSolution
		{9452552B-3461-43A7-9EFE-06FDD602372B}.Debug|Any CPU.ActiveCfg = Debug|Any CPU
		{9452552B-3461-43A7-9EFE-06FDD602372B}.Debug|Any CPU.Build.0 = Debug|Any CPU
		{9452552B-3461-43A7-9EFE-06FDD602372B}.Release|Any CPU.ActiveCfg = Release|Any CPU
		{9452552B-3461-43A7-9EFE-06FDD602372B}.Release|Any CPU.Build.0 = Release|Any CPU
	EndGlobalSection
	GlobalSection(SolutionProperties) = preSolution
		HideSolutionNode = FALSE
	EndGlobalSection
	GlobalSection(ExtensibilityGlobals) = postSolution
		SolutionGuid = {D71FE1AB-1B99-42B5-B82A-8749CEA79923}
	EndGlobalSection
EndGlobal
